
Microsoft Visual Studio Solution File, Format Version 12.00
# Visual Studio Version 17
VisualStudioVersion = 17.0.31903.59
MinimumVisualStudioVersion = 10.0.40219.1
Project("{FAE04EC0-301F-11D3-BF4B-00C04F79EFBC}") = "server-app", "server-app\server-app.csproj", "{12BB6A51-70D0-4E76-87D1-73A0BCA9A1AB}"
EndProject
Project("{FAE04EC0-301F-11D3-BF4B-00C04F79EFBC}") = "client-app", "client-app\client-app.csproj", "{47595DCA-4C30-47A8-80FC-990F9994520A}"
EndProject
Global
	GlobalSection(SolutionConfigurationPlatforms) = preSolution
		Debug|Any CPU = Debug|Any CPU
		Debug|x64 = Debug|x64
		Debug|x86 = Debug|x86
		Release|Any CPU = Release|Any CPU
		Release|x64 = Release|x64
		Release|x86 = Release|x86
	EndGlobalSection
	GlobalSection(ProjectConfigurationPlatforms) = postSolution
		{12BB6A51-70D0-4E76-87D1-73A0BCA9A1AB}.Debug|Any CPU.ActiveCfg = Debug|Any CPU
		{12BB6A51-70D0-4E76-87D1-73A0BCA9A1AB}.Debug|Any CPU.Build.0 = Debug|Any CPU
		{12BB6A51-70D0-4E76-87D1-73A0BCA9A1AB}.Debug|x64.ActiveCfg = Debug|Any CPU
		{12BB6A51-70D0-4E76-87D1-73A0BCA9A1AB}.Debug|x64.Build.0 = Debug|Any CPU
		{12BB6A51-70D0-4E76-87D1-73A0BCA9A1AB}.Debug|x86.ActiveCfg = Debug|Any CPU
		{12BB6A51-70D0-4E76-87D1-73A0BCA9A1AB}.Debug|x86.Build.0 = Debug|Any CPU
		{12BB6A51-70D0-4E76-87D1-73A0BCA9A1AB}.Release|Any CPU.ActiveCfg = Release|Any CPU
		{12BB6A51-70D0-4E76-87D1-73A0BCA9A1AB}.Release|Any CPU.Build.0 = Release|Any CPU
		{12BB6A51-70D0-4E76-87D1-73A0BCA9A1AB}.Release|x64.ActiveCfg = Release|Any CPU
		{12BB6A51-70D0-4E76-87D1-73A0BCA9A1AB}.Release|x64.Build.0 = Release|Any CPU
		{12BB6A51-70D0-4E76-87D1-73A0BCA9A1AB}.Release|x86.ActiveCfg = Release|Any CPU
		{12BB6A51-70D0-4E76-87D1-73A0BCA9A1AB}.Release|x86.Build.0 = Release|Any CPU
		{47595DCA-4C30-47A8-80FC-990F9994520A}.Debug|Any CPU.ActiveCfg = Debug|Any CPU
		{47595DCA-4C30-47A8-80FC-990F9994520A}.Debug|Any CPU.Build.0 = Debug|Any CPU
		{47595DCA-4C30-47A8-80FC-990F9994520A}.Debug|x64.ActiveCfg = Debug|Any CPU
		{47595DCA-4C30-47A8-80FC-990F9994520A}.Debug|x64.Build.0 = Debug|Any CPU
		{47595DCA-4C30-47A8-80FC-990F9994520A}.Debug|x86.ActiveCfg = Debug|Any CPU
		{47595DCA-4C30-47A8-80FC-990F9994520A}.Debug|x86.Build.0 = Debug|Any CPU
		{47595DCA-4C30-47A8-80FC-990F9994520A}.Release|Any CPU.ActiveCfg = Release|Any CPU
		{47595DCA-4C30-47A8-80FC-990F9994520A}.Release|Any CPU.Build.0 = Release|Any CPU
		{47595DCA-4C30-47A8-80FC-990F9994520A}.Release|x64.ActiveCfg = Release|Any CPU
		{47595DCA-4C30-47A8-80FC-990F9994520A}.Release|x64.Build.0 = Release|Any CPU
		{47595DCA-4C30-47A8-80FC-990F9994520A}.Release|x86.ActiveCfg = Release|Any CPU
		{47595DCA-4C30-47A8-80FC-990F9994520A}.Release|x86.Build.0 = Release|Any CPU
	EndGlobalSection
	GlobalSection(SolutionProperties) = preSolution
		HideSolutionNode = FALSE
	EndGlobalSection
EndGlobal
